
Microsoft Visual Studio Solution File, Format Version 12.00
# Visual Studio 15
Project("{FAE04EC0-301F-11D3-BF4B-00C04F79EFBC}") = "Assembly-CSharp-Editor", "Assembly-CSharp-Editor.csproj", "{EA8358FD-45FF-F77B-B9FD-3D2E68ACDAA1}"
EndProject
Project("{FAE04EC0-301F-11D3-BF4B-00C04F79EFBC}") = "Assembly-CSharp", "Assembly-CSharp.csproj", "{B834D985-17FA-164D-2067-07FDD3646FCE}"
EndProject
Global
	GlobalSection(SolutionConfigurationPlatforms) = preSolution
		Debug|Any CPU = Debug|Any CPU
		Release|Any CPU = Release|Any CPU
	EndGlobalSection
	GlobalSection(ProjectConfigurationPlatforms) = postSolution
		{EA8358FD-45FF-F77B-B9FD-3D2E68ACDAA1}.Debug|Any CPU.ActiveCfg = Debug|Any CPU
		{EA8358FD-45FF-F77B-B9FD-3D2E68ACDAA1}.Debug|Any CPU.Build.0 = Debug|Any CPU
		{EA8358FD-45FF-F77B-B9FD-3D2E68ACDAA1}.Release|Any CPU.ActiveCfg = Release|Any CPU
		{EA8358FD-45FF-F77B-B9FD-3D2E68ACDAA1}.Release|Any CPU.Build.0 = Release|Any CPU
		{B834D985-17FA-164D-2067-07FDD3646FCE}.Debug|Any CPU.ActiveCfg = Debug|Any CPU
		{B834D985-17FA-164D-2067-07FDD3646FCE}.Debug|Any CPU.Build.0 = Debug|Any CPU
		{B834D985-17FA-164D-2067-07FDD3646FCE}.Release|Any CPU.ActiveCfg = Release|Any CPU
		{B834D985-17FA-164D-2067-07FDD3646FCE}.Release|Any CPU.Build.0 = Release|Any CPU
	EndGlobalSection
	GlobalSection(SolutionProperties) = preSolution
		HideSolutionNode = FALSE
	EndGlobalSection
EndGlobal
